# THIS IS AN AUTOGENERATED FILE. DO NOT EDIT THIS FILE DIRECTLY.
# yarn lockfile v1


nan@^2.20.0:
  version "2.20.0"
  resolved "https://registry.npmmirror.com/nan/-/nan-2.20.0.tgz#08c5ea813dd54ed16e5bd6505bf42af4f7838ca3"
  integrity sha512-bk3gXBZDGILuuo/6sKtr0DQmSThYHLtNCdSdXk9YkxD/jK6X2vmCyyXBBxyqZ4XcnzTyYEAThfX3DCEnLf6igw==

tree-sitter-cli@^0.22.6:
  version "0.22.6"
  resolved "https://registry.npmmirror.com/tree-sitter-cli/-/tree-sitter-cli-0.22.6.tgz#f0542bce4095952c292d3f0300d72aeab442b765"
  integrity sha512-s7mYOJXi8sIFkt/nLJSqlYZP96VmKTc3BAwIX0rrrlRxWjWuCwixFqwzxWZBQz4R8Hx01iP7z3cT3ih58BUmZQ==
